{
	"name": "teest-minapp",
	"version": "1.0.0",
	"lockfileVersion": 1,
	"requires": true,
	"dependencies": {
		"wechat-minapp-promise": {
			"version": "1.0.0",
			"resolved": "https://registry.npmjs.org/wechat-minapp-promise/-/wechat-minapp-promise-1.0.0.tgz",
			"integrity": "sha512-k3VppTgljKirXKVZx7unKjVmiieqBRDK5BX9jYemj9vAfhI2nLyrqwQlTjURz3bkWRp3Jf1eN9j1Q/4cu9dZlw=="
		}
	}
}
